
Microsoft Visual Studio Solution File, Format Version 12.00
# Visual Studio 15
VisualStudioVersion = 15.0.28010.2036
MinimumVisualStudioVersion = 10.0.40219.1
Project("{FAE04EC0-301F-11D3-BF4B-00C04F79EFBC}") = "Glymce", "Glimpse\Glymce.csproj", "{309BB1A0-9E33-4D79-900C-243F97A6D25B}"
EndProject
Global
	GlobalSection(SolutionConfigurationPlatforms) = preSolution
		Debug|Any CPU = Debug|Any CPU
		Release|Any CPU = Release|Any CPU
	EndGlobalSection
	GlobalSection(ProjectConfigurationPlatforms) = postSolution
		{309BB1A0-9E33-4D79-900C-243F97A6D25B}.Debug|Any CPU.ActiveCfg = Debug|Any CPU
		{309BB1A0-9E33-4D79-900C-243F97A6D25B}.Debug|Any CPU.Build.0 = Debug|Any CPU
		{309BB1A0-9E33-4D79-900C-243F97A6D25B}.Release|Any CPU.ActiveCfg = Release|Any CPU
		{309BB1A0-9E33-4D79-900C-243F97A6D25B}.Release|Any CPU.Build.0 = Release|Any CPU
	EndGlobalSection
	GlobalSection(SolutionProperties) = preSolution
		HideSolutionNode = FALSE
	EndGlobalSection
	GlobalSection(ExtensibilityGlobals) = postSolution
		SolutionGuid = {0F5ED6CC-107F-438A-9AC7-EC57F0A6F886}
	EndGlobalSection
EndGlobal
